// !$*UTF8*$!
{
	archiveVersion = 1;
	classes = {
	};
	objectVersion = 56;
	objects = {

/* Begin PBXBuildFile section */
		7D2F33A42B385ACC00DD464A /* AppDelegate.swift in Sources */ = {isa = PBXBuildFile; fileRef = 7D2F33A32B385ACC00DD464A /* AppDelegate.swift */; };
		7D2F33A62B385ACC00DD464A /* SceneDelegate.swift in Sources */ = {isa = PBXBuildFile; fileRef = 7D2F33A52B385ACC00DD464A /* SceneDelegate.swift */; };
		7D2F33AB2B385ACC00DD464A /* Main.storyboard in Resources */ = {isa = PBXBuildFile; fileRef = 7D2F33A92B385ACC00DD464A /* Main.storyboard */; };
		7D2F33AD2B385ACE00DD464A /* Assets.xcassets in Resources */ = {isa = PBXBuildFile; fileRef = 7D2F33AC2B385ACE00DD464A /* Assets.xcassets */; };
		7D2F33B02B385ACE00DD464A /* LaunchScreen.storyboard in Resources */ = {isa = PBXBuildFile; fileRef = 7D2F33AE2B385ACE00DD464A /* LaunchScreen.storyboard */; };
		7D2F33C82B39741D00DD464A /* HttpClient.swift in Sources */ = {isa = PBXBuildFile; fileRef = 7D2F33C72B39741D00DD464A /* HttpClient.swift */; };
		7D2F33C92B39741D00DD464A /* HttpClient.swift in Sources */ = {isa = PBXBuildFile; fileRef = 7D2F33C72B39741D00DD464A /* HttpClient.swift */; };
		7D3B19752B3D51F200097194 /* GlobalConfig.swift in Sources */ = {isa = PBXBuildFile; fileRef = 7D3B19742B3D51F200097194 /* GlobalConfig.swift */; };
		7D3B197D2B3E64DD00097194 /* Drink.swift in Sources */ = {isa = PBXBuildFile; fileRef = 7D3B197C2B3E64DD00097194 /* Drink.swift */; };
		7D6193712B3C650200CEE5E4 /* HttpDelegate.swift in Sources */ = {isa = PBXBuildFile; fileRef = 7D6193702B3C650200CEE5E4 /* HttpDelegate.swift */; };
		7D8378AB2B3EC94300D97D58 /* Order.swift in Sources */ = {isa = PBXBuildFile; fileRef = 7D8378AA2B3EC94300D97D58 /* Order.swift */; };
		7D8378B32B3FBB5800D97D58 /* CreateOrderBody.swift in Sources */ = {isa = PBXBuildFile; fileRef = 7D8378B22B3FBB5800D97D58 /* CreateOrderBody.swift */; };
		B0180CC72B3C542700D5A69B /* LoginViewController.swift in Sources */ = {isa = PBXBuildFile; fileRef = B0180CC62B3C542700D5A69B /* LoginViewController.swift */; };
		B0180CC92B3C727D00D5A69B /* HomeViewController.swift in Sources */ = {isa = PBXBuildFile; fileRef = B0180CC82B3C727D00D5A69B /* HomeViewController.swift */; };
		B0180CCB2B3E7E8500D5A69B /* TextFieldWithPadding.swift in Sources */ = {isa = PBXBuildFile; fileRef = B0180CCA2B3E7E8500D5A69B /* TextFieldWithPadding.swift */; };
		B0180CCD2B3EBABA00D5A69B /* SpecialCollectionViewCell.swift in Sources */ = {isa = PBXBuildFile; fileRef = B0180CCC2B3EBABA00D5A69B /* SpecialCollectionViewCell.swift */; };
		B0180CCF2B3FB5AB00D5A69B /* View.swift in Sources */ = {isa = PBXBuildFile; fileRef = B0180CCE2B3FB5AB00D5A69B /* View.swift */; };
		B04DF26F2B3FE5570059AD28 /* DrinkViewController.swift in Sources */ = {isa = PBXBuildFile; fileRef = B04DF26E2B3FE5570059AD28 /* DrinkViewController.swift */; };
/* End PBXBuildFile section */

/* Begin PBXContainerItemProxy section */
		7D2F33C12B396FA300DD464A /* PBXContainerItemProxy */ = {
			isa = PBXContainerItemProxy;
			containerPortal = 7D2F33982B385ACC00DD464A /* Project object */;
			proxyType = 1;
			remoteGlobalIDString = 7D2F339F2B385ACC00DD464A;
			remoteInfo = kebuke;
		};
/* End PBXContainerItemProxy section */

/* Begin PBXFileReference section */
		7D2F33A02B385ACC00DD464A /* kebuke.app */ = {isa = PBXFileReference; explicitFileType = wrapper.application; includeInIndex = 0; path = kebuke.app; sourceTree = BUILT_PRODUCTS_DIR; };
		7D2F33A32B385ACC00DD464A /* AppDelegate.swift */ = {isa = PBXFileReference; lastKnownFileType = sourcecode.swift; path = AppDelegate.swift; sourceTree = "<group>"; };
		7D2F33A52B385ACC00DD464A /* SceneDelegate.swift */ = {isa = PBXFileReference; lastKnownFileType = sourcecode.swift; path = SceneDelegate.swift; sourceTree = "<group>"; };
		7D2F33AA2B385ACC00DD464A /* Base */ = {isa = PBXFileReference; lastKnownFileType = file.storyboard; name = Base; path = Base.lproj/Main.storyboard; sourceTree = "<group>"; };
		7D2F33AC2B385ACE00DD464A /* Assets.xcassets */ = {isa = PBXFileReference; lastKnownFileType = folder.assetcatalog; path = Assets.xcassets; sourceTree = "<group>"; };
		7D2F33AF2B385ACE00DD464A /* Base */ = {isa = PBXFileReference; lastKnownFileType = file.storyboard; name = Base; path = Base.lproj/LaunchScreen.storyboard; sourceTree = "<group>"; };
		7D2F33B12B385ACE00DD464A /* Info.plist */ = {isa = PBXFileReference; lastKnownFileType = text.plist.xml; path = Info.plist; sourceTree = "<group>"; };
		7D2F33BD2B396FA300DD464A /* kebukeTests.xctest */ = {isa = PBXFileReference; explicitFileType = wrapper.cfbundle; includeInIndex = 0; path = kebukeTests.xctest; sourceTree = BUILT_PRODUCTS_DIR; };
		7D2F33C72B39741D00DD464A /* HttpClient.swift */ = {isa = PBXFileReference; lastKnownFileType = sourcecode.swift; path = HttpClient.swift; sourceTree = "<group>"; };
		7D3B19742B3D51F200097194 /* GlobalConfig.swift */ = {isa = PBXFileReference; lastKnownFileType = sourcecode.swift; path = GlobalConfig.swift; sourceTree = "<group>"; };
		7D3B197C2B3E64DD00097194 /* Drink.swift */ = {isa = PBXFileReference; lastKnownFileType = sourcecode.swift; path = Drink.swift; sourceTree = "<group>"; };
		7D6193702B3C650200CEE5E4 /* HttpDelegate.swift */ = {isa = PBXFileReference; lastKnownFileType = sourcecode.swift; path = HttpDelegate.swift; sourceTree = "<group>"; };
		7D8378AA2B3EC94300D97D58 /* Order.swift */ = {isa = PBXFileReference; lastKnownFileType = sourcecode.swift; path = Order.swift; sourceTree = "<group>"; };
		7D8378B22B3FBB5800D97D58 /* CreateOrderBody.swift */ = {isa = PBXFileReference; lastKnownFileType = sourcecode.swift; path = CreateOrderBody.swift; sourceTree = "<group>"; };
		B0180CC62B3C542700D5A69B /* LoginViewController.swift */ = {isa = PBXFileReference; lastKnownFileType = sourcecode.swift; path = LoginViewController.swift; sourceTree = "<group>"; };
		B0180CC82B3C727D00D5A69B /* HomeViewController.swift */ = {isa = PBXFileReference; lastKnownFileType = sourcecode.swift; path = HomeViewController.swift; sourceTree = "<group>"; };
		B0180CCA2B3E7E8500D5A69B /* TextFieldWithPadding.swift */ = {isa = PBXFileReference; lastKnownFileType = sourcecode.swift; path = TextFieldWithPadding.swift; sourceTree = "<group>"; };
		B0180CCC2B3EBABA00D5A69B /* SpecialCollectionViewCell.swift */ = {isa = PBXFileReference; lastKnownFileType = sourcecode.swift; path = SpecialCollectionViewCell.swift; sourceTree = "<group>"; };
		B0180CCE2B3FB5AB00D5A69B /* View.swift */ = {isa = PBXFileReference; lastKnownFileType = sourcecode.swift; path = View.swift; sourceTree = "<group>"; };
		B04DF26E2B3FE5570059AD28 /* DrinkViewController.swift */ = {isa = PBXFileReference; lastKnownFileType = sourcecode.swift; path = DrinkViewController.swift; sourceTree = "<group>"; };
/* End PBXFileReference section */

/* Begin PBXFrameworksBuildPhase section */
		7D2F339D2B385ACC00DD464A /* Frameworks */ = {
			isa = PBXFrameworksBuildPhase;
			buildActionMask = 2147483647;
			files = (
			);
			runOnlyForDeploymentPostprocessing = 0;
		};
		7D2F33BA2B396FA300DD464A /* Frameworks */ = {
			isa = PBXFrameworksBuildPhase;
			buildActionMask = 2147483647;
			files = (
			);
			runOnlyForDeploymentPostprocessing = 0;
		};
/* End PBXFrameworksBuildPhase section */

/* Begin PBXGroup section */
		7D2F33972B385ACC00DD464A = {
			isa = PBXGroup;
			children = (
				7D2F33A22B385ACC00DD464A /* kebuke */,
				7D2F33A12B385ACC00DD464A /* Products */,
			);
			sourceTree = "<group>";
		};
		7D2F33A12B385ACC00DD464A /* Products */ = {
			isa = PBXGroup;
			children = (
				7D2F33A02B385ACC00DD464A /* kebuke.app */,
				7D2F33BD2B396FA300DD464A /* kebukeTests.xctest */,
			);
			name = Products;
			sourceTree = "<group>";
		};
		7D2F33A22B385ACC00DD464A /* kebuke */ = {
			isa = PBXGroup;
			children = (
				7D2F33CE2B3976DF00DD464A /* Protocols */,
				7D2F33CD2B3976CE00DD464A /* Models */,
				7D2F33C62B39740300DD464A /* Services */,
				B0180CC62B3C542700D5A69B /* LoginViewController.swift */,
				B0180CC82B3C727D00D5A69B /* HomeViewController.swift */,
				B0180CCE2B3FB5AB00D5A69B /* View.swift */,
				B0180CCC2B3EBABA00D5A69B /* SpecialCollectionViewCell.swift */,
				7D2F33A32B385ACC00DD464A /* AppDelegate.swift */,
				7D2F33A52B385ACC00DD464A /* SceneDelegate.swift */,
				7D2F33A92B385ACC00DD464A /* Main.storyboard */,
				B04DF26E2B3FE5570059AD28 /* DrinkViewController.swift */,
				B0180CCA2B3E7E8500D5A69B /* TextFieldWithPadding.swift */,
				7D2F33AC2B385ACE00DD464A /* Assets.xcassets */,
				7D2F33AE2B385ACE00DD464A /* LaunchScreen.storyboard */,
				7D2F33B12B385ACE00DD464A /* Info.plist */,
			);
			path = kebuke;
			sourceTree = "<group>";
		};
		7D2F33C62B39740300DD464A /* Services */ = {
			isa = PBXGroup;
			children = (
				7D2F33C72B39741D00DD464A /* HttpClient.swift */,
			);
			path = Services;
			sourceTree = "<group>";
		};
		7D2F33CD2B3976CE00DD464A /* Models */ = {
			isa = PBXGroup;
			children = (
				7D3B19742B3D51F200097194 /* GlobalConfig.swift */,
				7D3B197C2B3E64DD00097194 /* Drink.swift */,
				7D8378AA2B3EC94300D97D58 /* Order.swift */,
				7D8378B22B3FBB5800D97D58 /* CreateOrderBody.swift */,
			);
			path = Models;
			sourceTree = "<group>";
		};
		7D2F33CE2B3976DF00DD464A /* Protocols */ = {
			isa = PBXGroup;
			children = (
				7D6193702B3C650200CEE5E4 /* HttpDelegate.swift */,
			);
			path = Protocols;
			sourceTree = "<group>";
		};
/* End PBXGroup section */

/* Begin PBXNativeTarget section */
		7D2F339F2B385ACC00DD464A /* kebuke */ = {
			isa = PBXNativeTarget;
			buildConfigurationList = 7D2F33B42B385ACE00DD464A /* Build configuration list for PBXNativeTarget "kebuke" */;
			buildPhases = (
				7D2F339C2B385ACC00DD464A /* Sources */,
				7D2F339D2B385ACC00DD464A /* Frameworks */,
				7D2F339E2B385ACC00DD464A /* Resources */,
			);
			buildRules = (
			);
			dependencies = (
			);
			name = kebuke;
			productName = kebuke;
			productReference = 7D2F33A02B385ACC00DD464A /* kebuke.app */;
			productType = "com.apple.product-type.application";
		};
		7D2F33BC2B396FA300DD464A /* kebukeTests */ = {
			isa = PBXNativeTarget;
			buildConfigurationList = 7D2F33C52B396FA300DD464A /* Build configuration list for PBXNativeTarget "kebukeTests" */;
			buildPhases = (
				7D2F33B92B396FA300DD464A /* Sources */,
				7D2F33BA2B396FA300DD464A /* Frameworks */,
				7D2F33BB2B396FA300DD464A /* Resources */,
			);
			buildRules = (
			);
			dependencies = (
				7D2F33C22B396FA300DD464A /* PBXTargetDependency */,
			);
			name = kebukeTests;
			productName = kebukeTests;
			productReference = 7D2F33BD2B396FA300DD464A /* kebukeTests.xctest */;
			productType = "com.apple.product-type.bundle.unit-test";
		};
/* End PBXNativeTarget section */

/* Begin PBXProject section */
		7D2F33982B385ACC00DD464A /* Project object */ = {
			isa = PBXProject;
			attributes = {
				BuildIndependentTargetsInParallel = 1;
				LastSwiftUpdateCheck = 1500;
				LastUpgradeCheck = 1500;
				TargetAttributes = {
					7D2F339F2B385ACC00DD464A = {
						CreatedOnToolsVersion = 15.0.1;
					};
					7D2F33BC2B396FA300DD464A = {
						CreatedOnToolsVersion = 15.0.1;
						TestTargetID = 7D2F339F2B385ACC00DD464A;
					};
				};
			};
			buildConfigurationList = 7D2F339B2B385ACC00DD464A /* Build configuration list for PBXProject "kebuke" */;
			compatibilityVersion = "Xcode 14.0";
			developmentRegion = en;
			hasScannedForEncodings = 0;
			knownRegions = (
				en,
				Base,
			);
			mainGroup = 7D2F33972B385ACC00DD464A;
			productRefGroup = 7D2F33A12B385ACC00DD464A /* Products */;
			projectDirPath = "";
			projectRoot = "";
			targets = (
				7D2F339F2B385ACC00DD464A /* kebuke */,
				7D2F33BC2B396FA300DD464A /* kebukeTests */,
			);
		};
/* End PBXProject section */

/* Begin PBXResourcesBuildPhase section */
		7D2F339E2B385ACC00DD464A /* Resources */ = {
			isa = PBXResourcesBuildPhase;
			buildActionMask = 2147483647;
			files = (
				7D2F33B02B385ACE00DD464A /* LaunchScreen.storyboard in Resources */,
				7D2F33AD2B385ACE00DD464A /* Assets.xcassets in Resources */,
				7D2F33AB2B385ACC00DD464A /* Main.storyboard in Resources */,
			);
			runOnlyForDeploymentPostprocessing = 0;
		};
		7D2F33BB2B396FA300DD464A /* Resources */ = {
			isa = PBXResourcesBuildPhase;
			buildActionMask = 2147483647;
			files = (
			);
			runOnlyForDeploymentPostprocessing = 0;
		};
/* End PBXResourcesBuildPhase section */

/* Begin PBXSourcesBuildPhase section */
		7D2F339C2B385ACC00DD464A /* Sources */ = {
			isa = PBXSourcesBuildPhase;
			buildActionMask = 2147483647;
			files = (
				7D3B197D2B3E64DD00097194 /* Drink.swift in Sources */,
				7D8378AB2B3EC94300D97D58 /* Order.swift in Sources */,
				7D2F33A42B385ACC00DD464A /* AppDelegate.swift in Sources */,
				7D2F33C82B39741D00DD464A /* HttpClient.swift in Sources */,
				7D3B19752B3D51F200097194 /* GlobalConfig.swift in Sources */,
				7D6193712B3C650200CEE5E4 /* HttpDelegate.swift in Sources */,
				B0180CCD2B3EBABA00D5A69B /* SpecialCollectionViewCell.swift in Sources */,
				B0180CC72B3C542700D5A69B /* LoginViewController.swift in Sources */,
				7D2F33A42B385ACC00DD464A /* AppDelegate.swift in Sources */,
				B04DF26F2B3FE5570059AD28 /* DrinkViewController.swift in Sources */,
				7D8378B32B3FBB5800D97D58 /* CreateOrderBody.swift in Sources */,
				B0180CCB2B3E7E8500D5A69B /* TextFieldWithPadding.swift in Sources */,
				7D2F33A62B385ACC00DD464A /* SceneDelegate.swift in Sources */,
				B0180CCF2B3FB5AB00D5A69B /* View.swift in Sources */,
				B0180CC92B3C727D00D5A69B /* HomeViewController.swift in Sources */,
			);
			runOnlyForDeploymentPostprocessing = 0;
		};
		7D2F33B92B396FA300DD464A /* Sources */ = {
			isa = PBXSourcesBuildPhase;
			buildActionMask = 2147483647;
			files = (
				7D2F33C92B39741D00DD464A /* HttpClient.swift in Sources */,
			);
			runOnlyForDeploymentPostprocessing = 0;
		};
/* End PBXSourcesBuildPhase section */

/* Begin PBXTargetDependency section */
		7D2F33C22B396FA300DD464A /* PBXTargetDependency */ = {
			isa = PBXTargetDependency;
			target = 7D2F339F2B385ACC00DD464A /* kebuke */;
			targetProxy = 7D2F33C12B396FA300DD464A /* PBXContainerItemProxy */;
		};
/* End PBXTargetDependency section */

/* Begin PBXVariantGroup section */
		7D2F33A92B385ACC00DD464A /* Main.storyboard */ = {
			isa = PBXVariantGroup;
			children = (
				7D2F33AA2B385ACC00DD464A /* Base */,
			);
			name = Main.storyboard;
			sourceTree = "<group>";
		};
		7D2F33AE2B385ACE00DD464A /* LaunchScreen.storyboard */ = {
			isa = PBXVariantGroup;
			children = (
				7D2F33AF2B385ACE00DD464A /* Base */,
			);
			name = LaunchScreen.storyboard;
			sourceTree = "<group>";
		};
/* End PBXVariantGroup section */

/* Begin XCBuildConfiguration section */
		7D2F33B22B385ACE00DD464A /* Debug */ = {
			isa = XCBuildConfiguration;
			buildSettings = {
				ALWAYS_SEARCH_USER_PATHS = NO;
				ASSETCATALOG_COMPILER_GENERATE_SWIFT_ASSET_SYMBOL_EXTENSIONS = YES;
				CLANG_ANALYZER_NONNULL = YES;
				CLANG_ANALYZER_NUMBER_OBJECT_CONVERSION = YES_AGGRESSIVE;
				CLANG_CXX_LANGUAGE_STANDARD = "gnu++20";
				CLANG_ENABLE_MODULES = YES;
				CLANG_ENABLE_OBJC_ARC = YES;
				CLANG_ENABLE_OBJC_WEAK = YES;
				CLANG_WARN_BLOCK_CAPTURE_AUTORELEASING = YES;
				CLANG_WARN_BOOL_CONVERSION = YES;
				CLANG_WARN_COMMA = YES;
				CLANG_WARN_CONSTANT_CONVERSION = YES;
				CLANG_WARN_DEPRECATED_OBJC_IMPLEMENTATIONS = YES;
				CLANG_WARN_DIRECT_OBJC_ISA_USAGE = YES_ERROR;
				CLANG_WARN_DOCUMENTATION_COMMENTS = YES;
				CLANG_WARN_EMPTY_BODY = YES;
				CLANG_WARN_ENUM_CONVERSION = YES;
				CLANG_WARN_INFINITE_RECURSION = YES;
				CLANG_WARN_INT_CONVERSION = YES;
				CLANG_WARN_NON_LITERAL_NULL_CONVERSION = YES;
				CLANG_WARN_OBJC_IMPLICIT_RETAIN_SELF = YES;
				CLANG_WARN_OBJC_LITERAL_CONVERSION = YES;
				CLANG_WARN_OBJC_ROOT_CLASS = YES_ERROR;
				CLANG_WARN_QUOTED_INCLUDE_IN_FRAMEWORK_HEADER = YES;
				CLANG_WARN_RANGE_LOOP_ANALYSIS = YES;
				CLANG_WARN_STRICT_PROTOTYPES = YES;
				CLANG_WARN_SUSPICIOUS_MOVE = YES;
				CLANG_WARN_UNGUARDED_AVAILABILITY = YES_AGGRESSIVE;
				CLANG_WARN_UNREACHABLE_CODE = YES;
				CLANG_WARN__DUPLICATE_METHOD_MATCH = YES;
				COPY_PHASE_STRIP = NO;
				DEBUG_INFORMATION_FORMAT = dwarf;
				ENABLE_STRICT_OBJC_MSGSEND = YES;
				ENABLE_TESTABILITY = YES;
				ENABLE_USER_SCRIPT_SANDBOXING = YES;
				GCC_C_LANGUAGE_STANDARD = gnu17;
				GCC_DYNAMIC_NO_PIC = NO;
				GCC_NO_COMMON_BLOCKS = YES;
				GCC_OPTIMIZATION_LEVEL = 0;
				GCC_PREPROCESSOR_DEFINITIONS = (
					"DEBUG=1",
					"$(inherited)",
				);
				GCC_WARN_64_TO_32_BIT_CONVERSION = YES;
				GCC_WARN_ABOUT_RETURN_TYPE = YES_ERROR;
				GCC_WARN_UNDECLARED_SELECTOR = YES;
				GCC_WARN_UNINITIALIZED_AUTOS = YES_AGGRESSIVE;
				GCC_WARN_UNUSED_FUNCTION = YES;
				GCC_WARN_UNUSED_VARIABLE = YES;
				IPHONEOS_DEPLOYMENT_TARGET = 17.0;
				LOCALIZATION_PREFERS_STRING_CATALOGS = YES;
				MTL_ENABLE_DEBUG_INFO = INCLUDE_SOURCE;
				MTL_FAST_MATH = YES;
				ONLY_ACTIVE_ARCH = YES;
				SDKROOT = iphoneos;
				SWIFT_ACTIVE_COMPILATION_CONDITIONS = "DEBUG $(inherited)";
				SWIFT_OPTIMIZATION_LEVEL = "-Onone";
			};
			name = Debug;
		};
		7D2F33B32B385ACE00DD464A /* Release */ = {
			isa = XCBuildConfiguration;
			buildSettings = {
				ALWAYS_SEARCH_USER_PATHS = NO;
				ASSETCATALOG_COMPILER_GENERATE_SWIFT_ASSET_SYMBOL_EXTENSIONS = YES;
				CLANG_ANALYZER_NONNULL = YES;
				CLANG_ANALYZER_NUMBER_OBJECT_CONVERSION = YES_AGGRESSIVE;
				CLANG_CXX_LANGUAGE_STANDARD = "gnu++20";
				CLANG_ENABLE_MODULES = YES;
				CLANG_ENABLE_OBJC_ARC = YES;
				CLANG_ENABLE_OBJC_WEAK = YES;
				CLANG_WARN_BLOCK_CAPTURE_AUTORELEASING = YES;
				CLANG_WARN_BOOL_CONVERSION = YES;
				CLANG_WARN_COMMA = YES;
				CLANG_WARN_CONSTANT_CONVERSION = YES;
				CLANG_WARN_DEPRECATED_OBJC_IMPLEMENTATIONS = YES;
				CLANG_WARN_DIRECT_OBJC_ISA_USAGE = YES_ERROR;
				CLANG_WARN_DOCUMENTATION_COMMENTS = YES;
				CLANG_WARN_EMPTY_BODY = YES;
				CLANG_WARN_ENUM_CONVERSION = YES;
				CLANG_WARN_INFINITE_RECURSION = YES;
				CLANG_WARN_INT_CONVERSION = YES;
				CLANG_WARN_NON_LITERAL_NULL_CONVERSION = YES;
				CLANG_WARN_OBJC_IMPLICIT_RETAIN_SELF = YES;
				CLANG_WARN_OBJC_LITERAL_CONVERSION = YES;
				CLANG_WARN_OBJC_ROOT_CLASS = YES_ERROR;
				CLANG_WARN_QUOTED_INCLUDE_IN_FRAMEWORK_HEADER = YES;
				CLANG_WARN_RANGE_LOOP_ANALYSIS = YES;
				CLANG_WARN_STRICT_PROTOTYPES = YES;
				CLANG_WARN_SUSPICIOUS_MOVE = YES;
				CLANG_WARN_UNGUARDED_AVAILABILITY = YES_AGGRESSIVE;
				CLANG_WARN_UNREACHABLE_CODE = YES;
				CLANG_WARN__DUPLICATE_METHOD_MATCH = YES;
				COPY_PHASE_STRIP = NO;
				DEBUG_INFORMATION_FORMAT = "dwarf-with-dsym";
				ENABLE_NS_ASSERTIONS = NO;
				ENABLE_STRICT_OBJC_MSGSEND = YES;
				ENABLE_USER_SCRIPT_SANDBOXING = YES;
				GCC_C_LANGUAGE_STANDARD = gnu17;
				GCC_NO_COMMON_BLOCKS = YES;
				GCC_WARN_64_TO_32_BIT_CONVERSION = YES;
				GCC_WARN_ABOUT_RETURN_TYPE = YES_ERROR;
				GCC_WARN_UNDECLARED_SELECTOR = YES;
				GCC_WARN_UNINITIALIZED_AUTOS = YES_AGGRESSIVE;
				GCC_WARN_UNUSED_FUNCTION = YES;
				GCC_WARN_UNUSED_VARIABLE = YES;
				IPHONEOS_DEPLOYMENT_TARGET = 17.0;
				LOCALIZATION_PREFERS_STRING_CATALOGS = YES;
				MTL_ENABLE_DEBUG_INFO = NO;
				MTL_FAST_MATH = YES;
				SDKROOT = iphoneos;
				SWIFT_COMPILATION_MODE = wholemodule;
				VALIDATE_PRODUCT = YES;
			};
			name = Release;
		};
		7D2F33B52B385ACE00DD464A /* Debug */ = {
			isa = XCBuildConfiguration;
			buildSettings = {
				ASSETCATALOG_COMPILER_APPICON_NAME = AppIcon;
				ASSETCATALOG_COMPILER_GLOBAL_ACCENT_COLOR_NAME = AccentColor;
				CODE_SIGN_STYLE = Automatic;
				CURRENT_PROJECT_VERSION = 1;
				DEVELOPMENT_TEAM = PVCBJ579RG;
				GENERATE_INFOPLIST_FILE = YES;
				INFOPLIST_FILE = kebuke/Info.plist;
				INFOPLIST_KEY_UIApplicationSupportsIndirectInputEvents = YES;
				INFOPLIST_KEY_UILaunchStoryboardName = LaunchScreen;
				INFOPLIST_KEY_UIMainStoryboardFile = Main;
				INFOPLIST_KEY_UISupportedInterfaceOrientations_iPad = "UIInterfaceOrientationPortrait UIInterfaceOrientationPortraitUpsideDown UIInterfaceOrientationLandscapeLeft UIInterfaceOrientationLandscapeRight";
				INFOPLIST_KEY_UISupportedInterfaceOrientations_iPhone = "UIInterfaceOrientationPortrait UIInterfaceOrientationLandscapeLeft UIInterfaceOrientationLandscapeRight";
				LD_RUNPATH_SEARCH_PATHS = (
					"$(inherited)",
					"@executable_path/Frameworks",
				);
				MARKETING_VERSION = 1.0;
				PRODUCT_BUNDLE_IDENTIFIER = com.GGO.kebuke;
				PRODUCT_NAME = "$(TARGET_NAME)";
				SWIFT_EMIT_LOC_STRINGS = YES;
				SWIFT_VERSION = 5.0;
				TARGETED_DEVICE_FAMILY = "1,2";
			};
			name = Debug;
		};
		7D2F33B62B385ACE00DD464A /* Release */ = {
			isa = XCBuildConfiguration;
			buildSettings = {
				ASSETCATALOG_COMPILER_APPICON_NAME = AppIcon;
				ASSETCATALOG_COMPILER_GLOBAL_ACCENT_COLOR_NAME = AccentColor;
				CODE_SIGN_STYLE = Automatic;
				CURRENT_PROJECT_VERSION = 1;
				DEVELOPMENT_TEAM = PVCBJ579RG;
				GENERATE_INFOPLIST_FILE = YES;
				INFOPLIST_FILE = kebuke/Info.plist;
				INFOPLIST_KEY_UIApplicationSupportsIndirectInputEvents = YES;
				INFOPLIST_KEY_UILaunchStoryboardName = LaunchScreen;
				INFOPLIST_KEY_UIMainStoryboardFile = Main;
				INFOPLIST_KEY_UISupportedInterfaceOrientations_iPad = "UIInterfaceOrientationPortrait UIInterfaceOrientationPortraitUpsideDown UIInterfaceOrientationLandscapeLeft UIInterfaceOrientationLandscapeRight";
				INFOPLIST_KEY_UISupportedInterfaceOrientations_iPhone = "UIInterfaceOrientationPortrait UIInterfaceOrientationLandscapeLeft UIInterfaceOrientationLandscapeRight";
				LD_RUNPATH_SEARCH_PATHS = (
					"$(inherited)",
					"@executable_path/Frameworks",
				);
				MARKETING_VERSION = 1.0;
				PRODUCT_BUNDLE_IDENTIFIER = com.GGO.kebuke;
				PRODUCT_NAME = "$(TARGET_NAME)";
				SWIFT_EMIT_LOC_STRINGS = YES;
				SWIFT_VERSION = 5.0;
				TARGETED_DEVICE_FAMILY = "1,2";
			};
			name = Release;
		};
		7D2F33C32B396FA300DD464A /* Debug */ = {
			isa = XCBuildConfiguration;
			buildSettings = {
				BUNDLE_LOADER = "$(TEST_HOST)";
				CODE_SIGN_STYLE = Automatic;
				CURRENT_PROJECT_VERSION = 1;
				DEVELOPMENT_TEAM = PVCBJ579RG;
				GENERATE_INFOPLIST_FILE = YES;
				MARKETING_VERSION = 1.0;
				PRODUCT_BUNDLE_IDENTIFIER = com.GGO.kebukeTests;
				PRODUCT_NAME = "$(TARGET_NAME)";
				SWIFT_EMIT_LOC_STRINGS = NO;
				SWIFT_VERSION = 5.0;
				TARGETED_DEVICE_FAMILY = "1,2";
				TEST_HOST = "$(BUILT_PRODUCTS_DIR)/kebuke.app/$(BUNDLE_EXECUTABLE_FOLDER_PATH)/kebuke";
			};
			name = Debug;
		};
		7D2F33C42B396FA300DD464A /* Release */ = {
			isa = XCBuildConfiguration;
			buildSettings = {
				BUNDLE_LOADER = "$(TEST_HOST)";
				CODE_SIGN_STYLE = Automatic;
				CURRENT_PROJECT_VERSION = 1;
				DEVELOPMENT_TEAM = PVCBJ579RG;
				GENERATE_INFOPLIST_FILE = YES;
				MARKETING_VERSION = 1.0;
				PRODUCT_BUNDLE_IDENTIFIER = com.GGO.kebukeTests;
				PRODUCT_NAME = "$(TARGET_NAME)";
				SWIFT_EMIT_LOC_STRINGS = NO;
				SWIFT_VERSION = 5.0;
				TARGETED_DEVICE_FAMILY = "1,2";
				TEST_HOST = "$(BUILT_PRODUCTS_DIR)/kebuke.app/$(BUNDLE_EXECUTABLE_FOLDER_PATH)/kebuke";
			};
			name = Release;
		};
/* End XCBuildConfiguration section */

/* Begin XCConfigurationList section */
		7D2F339B2B385ACC00DD464A /* Build configuration list for PBXProject "kebuke" */ = {
			isa = XCConfigurationList;
			buildConfigurations = (
				7D2F33B22B385ACE00DD464A /* Debug */,
				7D2F33B32B385ACE00DD464A /* Release */,
			);
			defaultConfigurationIsVisible = 0;
			defaultConfigurationName = Release;
		};
		7D2F33B42B385ACE00DD464A /* Build configuration list for PBXNativeTarget "kebuke" */ = {
			isa = XCConfigurationList;
			buildConfigurations = (
				7D2F33B52B385ACE00DD464A /* Debug */,
				7D2F33B62B385ACE00DD464A /* Release */,
			);
			defaultConfigurationIsVisible = 0;
			defaultConfigurationName = Release;
		};
		7D2F33C52B396FA300DD464A /* Build configuration list for PBXNativeTarget "kebukeTests" */ = {
			isa = XCConfigurationList;
			buildConfigurations = (
				7D2F33C32B396FA300DD464A /* Debug */,
				7D2F33C42B396FA300DD464A /* Release */,
			);
			defaultConfigurationIsVisible = 0;
			defaultConfigurationName = Release;
		};
/* End XCConfigurationList section */
	};
	rootObject = 7D2F33982B385ACC00DD464A /* Project object */;
}
